{
  "nodes": {
    "nixpkgs": {
      "locked": {
        "lastModified": 1765311797,
        "narHash": "sha256-3bKCEc1JWOn8aj48H1yHKU6WDw0eSU2t7cKCL3FC+Lo=",
        "rev": "09eb77e94fa25202af8f3e81ddc7353d9970ac1b",
        "type": "tarball",
        "url": "https://releases.nixos.org/nixos/25.11/nixos-25.11.1335.09eb77e94fa2/nixexprs.tar.xz"
      },
      "original": {
        "type": "tarball",
        "url": "https://nixpkgs.flake.andre4ik3.dev"
      }
    },
    "root": {
      "inputs": {
        "nixpkgs": "nixpkgs"
      }
    }
  },
  "root": "root",
  "version": 7
}
